
Microsoft Visual Studio Solution File, Format Version 12.00
# Visual Studio Version 17
VisualStudioVersion = 17.3.32819.101
MinimumVisualStudioVersion = 10.0.40219.1
Project("{FAE04EC0-301F-11D3-BF4B-00C04F79EFBC}") = "Lottozahlen", "Lottozahlen\Lottozahlen.csproj", "{1968F8CC-B1DF-4EE9-8E7C-C69E30532B88}"
EndProject
Global
	GlobalSection(SolutionConfigurationPlatforms) = preSolution
		Debug|Any CPU = Debug|Any CPU
		Release|Any CPU = Release|Any CPU
	EndGlobalSection
	GlobalSection(ProjectConfigurationPlatforms) = postSolution
		{1968F8CC-B1DF-4EE9-8E7C-C69E30532B88}.Debug|Any CPU.ActiveCfg = Debug|Any CPU
		{1968F8CC-B1DF-4EE9-8E7C-C69E30532B88}.Debug|Any CPU.Build.0 = Debug|Any CPU
		{1968F8CC-B1DF-4EE9-8E7C-C69E30532B88}.Release|Any CPU.ActiveCfg = Release|Any CPU
		{1968F8CC-B1DF-4EE9-8E7C-C69E30532B88}.Release|Any CPU.Build.0 = Release|Any CPU
	EndGlobalSection
	GlobalSection(SolutionProperties) = preSolution
		HideSolutionNode = FALSE
	EndGlobalSection
	GlobalSection(ExtensibilityGlobals) = postSolution
		SolutionGuid = {20463BF0-1FCD-42D0-AACC-692DED22734A}
	EndGlobalSection
EndGlobal
